
Microsoft Visual Studio Solution File, Format Version 12.00
# Visual Studio 15
VisualStudioVersion = 15.0.28307.438
MinimumVisualStudioVersion = 10.0.40219.1
Project("{9A19103F-16F7-4668-BE54-9A1E7A4F7556}") = "AnyTaskQuickSort", "AnyTaskSORTING\AnyTaskQuickSort.csproj", "{36AA1C39-1059-4359-8D61-D7432B186FF4}"
EndProject
Global
	GlobalSection(SolutionConfigurationPlatforms) = preSolution
		Debug|Any CPU = Debug|Any CPU
		Release|Any CPU = Release|Any CPU
	EndGlobalSection
	GlobalSection(ProjectConfigurationPlatforms) = postSolution
		{36AA1C39-1059-4359-8D61-D7432B186FF4}.Debug|Any CPU.ActiveCfg = Debug|Any CPU
		{36AA1C39-1059-4359-8D61-D7432B186FF4}.Debug|Any CPU.Build.0 = Debug|Any CPU
		{36AA1C39-1059-4359-8D61-D7432B186FF4}.Release|Any CPU.ActiveCfg = Release|Any CPU
		{36AA1C39-1059-4359-8D61-D7432B186FF4}.Release|Any CPU.Build.0 = Release|Any CPU
	EndGlobalSection
	GlobalSection(SolutionProperties) = preSolution
		HideSolutionNode = FALSE
	EndGlobalSection
	GlobalSection(ExtensibilityGlobals) = postSolution
		SolutionGuid = {D5A910F6-C99C-49A9-BBB3-C6EBCF6156C4}
	EndGlobalSection
EndGlobal
